# This file is generated by running "yarn install" inside your project.
# Manual changes might be lost - proceed with caution!

__metadata:
  version: 8
  cacheKey: 10c0

"@prettier/plugin-ruby@npm:4.0.4":
  version: 4.0.4
  resolution: "@prettier/plugin-ruby@npm:4.0.4"
  peerDependencies:
    prettier: ^3.0.0
  checksum: 10c0/7567d7f87fe807f7a90fb4eba7a91d25a1843e19de09289412ba0420e25fadea9840085b495c54212249bb418fcd146d53b105c0e4e57990c5235326bd7c6b01
  languageName: node
  linkType: hard

"example-app@workspace:.":
  version: 0.0.0-use.local
  resolution: "example-app@workspace:."
  dependencies:
    "@prettier/plugin-ruby": "npm:4.0.4"
    prettier: "npm:3.4.2"
    prettier-plugin-organize-imports: "npm:4.1.0"
  languageName: unknown
  linkType: soft

"prettier-plugin-organize-imports@npm:4.1.0":
  version: 4.1.0
  resolution: "prettier-plugin-organize-imports@npm:4.1.0"
  peerDependencies:
    prettier: ">=2.0"
    typescript: ">=2.9"
    vue-tsc: ^2.1.0
  peerDependenciesMeta:
    vue-tsc:
      optional: true
  checksum: 10c0/fb2d6d415bac96b65a77ea7de9f708e8613436aeb9d82bbe63edeb312fd1362c0d3c57319bd4cc4adfc8b9964fb6c205cbbf8efd9546931b0f9874c0ae624a6a
  languageName: node
  linkType: hard

"prettier@npm:3.4.2":
  version: 3.4.2
  resolution: "prettier@npm:3.4.2"
  bin:
    prettier: bin/prettier.cjs
  checksum: 10c0/99e076a26ed0aba4ebc043880d0f08bbb8c59a4c6641cdee6cdadf2205bdd87aa1d7823f50c3aea41e015e99878d37c58d7b5f0e663bba0ef047f94e36b96446
  languageName: node
  linkType: hard
